
Microsoft Visual Studio Solution File, Format Version 12.00
# Visual Studio 14
VisualStudioVersion = 14.0.25420.1
MinimumVisualStudioVersion = 10.0.40219.1
Project("{FAE04EC0-301F-11D3-BF4B-00C04F79EFBC}") = "Gifed", "Gifed\Gifed.csproj", "{CE28483A-C6EB-4B94-84F6-6EF9D28D73AA}"
EndProject
Project("{2150E333-8FDC-42A3-9474-1A3956D46DE8}") = "Examples", "Examples", "{EF710AE1-06A0-4DF1-B28B-86B7DE40A813}"
EndProject
Project("{FAE04EC0-301F-11D3-BF4B-00C04F79EFBC}") = "Watermark", "Examples\Watermark\Watermark.csproj", "{BB43557F-FA36-4ADA-B82A-1C0778E39438}"
EndProject
Global
	GlobalSection(SolutionConfigurationPlatforms) = preSolution
		Debug|Any CPU = Debug|Any CPU
		Release|Any CPU = Release|Any CPU
	EndGlobalSection
	GlobalSection(ProjectConfigurationPlatforms) = postSolution
		{CE28483A-C6EB-4B94-84F6-6EF9D28D73AA}.Debug|Any CPU.ActiveCfg = Debug|Any CPU
		{CE28483A-C6EB-4B94-84F6-6EF9D28D73AA}.Debug|Any CPU.Build.0 = Debug|Any CPU
		{CE28483A-C6EB-4B94-84F6-6EF9D28D73AA}.Release|Any CPU.ActiveCfg = Release|Any CPU
		{CE28483A-C6EB-4B94-84F6-6EF9D28D73AA}.Release|Any CPU.Build.0 = Release|Any CPU
		{BB43557F-FA36-4ADA-B82A-1C0778E39438}.Debug|Any CPU.ActiveCfg = Debug|Any CPU
		{BB43557F-FA36-4ADA-B82A-1C0778E39438}.Debug|Any CPU.Build.0 = Debug|Any CPU
		{BB43557F-FA36-4ADA-B82A-1C0778E39438}.Release|Any CPU.ActiveCfg = Release|Any CPU
		{BB43557F-FA36-4ADA-B82A-1C0778E39438}.Release|Any CPU.Build.0 = Release|Any CPU
	EndGlobalSection
	GlobalSection(SolutionProperties) = preSolution
		HideSolutionNode = FALSE
	EndGlobalSection
	GlobalSection(NestedProjects) = preSolution
		{BB43557F-FA36-4ADA-B82A-1C0778E39438} = {EF710AE1-06A0-4DF1-B28B-86B7DE40A813}
	EndGlobalSection
EndGlobal
